
Microsoft Visual Studio Solution File, Format Version 12.00
# Visual Studio Version 17
VisualStudioVersion = 17.8.34330.188
MinimumVisualStudioVersion = 10.0.40219.1
Project("{FAE04EC0-301F-11D3-BF4B-00C04F79EFBC}") = "AspCoreWebAPICRUD", "AspCoreWebAPICRUD\AspCoreWebAPICRUD.csproj", "{308CB1E2-CF5E-4559-9E54-F66B723CF402}"
EndProject
Global
	GlobalSection(SolutionConfigurationPlatforms) = preSolution
		Debug|Any CPU = Debug|Any CPU
		Release|Any CPU = Release|Any CPU
	EndGlobalSection
	GlobalSection(ProjectConfigurationPlatforms) = postSolution
		{308CB1E2-CF5E-4559-9E54-F66B723CF402}.Debug|Any CPU.ActiveCfg = Debug|Any CPU
		{308CB1E2-CF5E-4559-9E54-F66B723CF402}.Debug|Any CPU.Build.0 = Debug|Any CPU
		{308CB1E2-CF5E-4559-9E54-F66B723CF402}.Release|Any CPU.ActiveCfg = Release|Any CPU
		{308CB1E2-CF5E-4559-9E54-F66B723CF402}.Release|Any CPU.Build.0 = Release|Any CPU
	EndGlobalSection
	GlobalSection(SolutionProperties) = preSolution
		HideSolutionNode = FALSE
	EndGlobalSection
	GlobalSection(ExtensibilityGlobals) = postSolution
		SolutionGuid = {36582DAF-DBF9-41D1-A302-805CFBF40A10}
	EndGlobalSection
EndGlobal
